// !$*UTF8*$!
{
	archiveVersion = 1;
	classes = {
	};
	objectVersion = 52;
	objects = {

/* Begin PBXBuildFile section */
		5B8C736C4F55D41959C01661 /* Pods_Flix.framework in Frameworks */ = {isa = PBXBuildFile; fileRef = 2BF7EB0CC96EFCBEF3E7401A /* Pods_Flix.framework */; };
		9D5E2E7727B0AB5C0041B7BD /* MovieCell.swift in Sources */ = {isa = PBXBuildFile; fileRef = 9D5E2E7627B0AB5C0041B7BD /* MovieCell.swift */; };
		9D5E2E7D27B0B7C50041B7BD /* AlamofireImage in Frameworks */ = {isa = PBXBuildFile; productRef = 9D5E2E7C27B0B7C50041B7BD /* AlamofireImage */; };
		9DBA3F6727B081030016FF69 /* AppDelegate.swift in Sources */ = {isa = PBXBuildFile; fileRef = 9DBA3F6627B081030016FF69 /* AppDelegate.swift */; };
		9DBA3F6927B081030016FF69 /* SceneDelegate.swift in Sources */ = {isa = PBXBuildFile; fileRef = 9DBA3F6827B081030016FF69 /* SceneDelegate.swift */; };
		9DBA3F6B27B081030016FF69 /* MoviesViewController.swift in Sources */ = {isa = PBXBuildFile; fileRef = 9DBA3F6A27B081030016FF69 /* MoviesViewController.swift */; };
		9DBA3F6E27B081030016FF69 /* Main.storyboard in Resources */ = {isa = PBXBuildFile; fileRef = 9DBA3F6C27B081030016FF69 /* Main.storyboard */; };
		9DBA3F7027B081040016FF69 /* Assets.xcassets in Resources */ = {isa = PBXBuildFile; fileRef = 9DBA3F6F27B081040016FF69 /* Assets.xcassets */; };
		9DBA3F7327B081040016FF69 /* LaunchScreen.storyboard in Resources */ = {isa = PBXBuildFile; fileRef = 9DBA3F7127B081040016FF69 /* LaunchScreen.storyboard */; };
		9DBA3F7E27B081040016FF69 /* FlixTests.swift in Sources */ = {isa = PBXBuildFile; fileRef = 9DBA3F7D27B081040016FF69 /* FlixTests.swift */; };
		9DBA3F8927B081040016FF69 /* FlixUITests.swift in Sources */ = {isa = PBXBuildFile; fileRef = 9DBA3F8827B081040016FF69 /* FlixUITests.swift */; };
		A5B5636A19F736E35EEC07DA /* Pods_Flix_FlixUITests.framework in Frameworks */ = {isa = PBXBuildFile; fileRef = 3127DD16208CC7FA6D6179F7 /* Pods_Flix_FlixUITests.framework */; };
		FBCFEAF8C7A81D5BD4410A27 /* Pods_FlixTests.framework in Frameworks */ = {isa = PBXBuildFile; fileRef = A9ABFC0A2C59D0919043442C /* Pods_FlixTests.framework */; };
/* End PBXBuildFile section */

/* Begin PBXContainerItemProxy section */
		9DBA3F7A27B081040016FF69 /* PBXContainerItemProxy */ = {
			isa = PBXContainerItemProxy;
			containerPortal = 9DBA3F5B27B081020016FF69 /* Project object */;
			proxyType = 1;
			remoteGlobalIDString = 9DBA3F6227B081020016FF69;
			remoteInfo = Flix;
		};
		9DBA3F8527B081040016FF69 /* PBXContainerItemProxy */ = {
			isa = PBXContainerItemProxy;
			containerPortal = 9DBA3F5B27B081020016FF69 /* Project object */;
			proxyType = 1;
			remoteGlobalIDString = 9DBA3F6227B081020016FF69;
			remoteInfo = Flix;
		};
/* End PBXContainerItemProxy section */

/* Begin PBXFileReference section */
		0B6FBF1FA4A95A81A4F3BFD7 /* Pods-Flix-FlixUITests.release.xcconfig */ = {isa = PBXFileReference; includeInIndex = 1; lastKnownFileType = text.xcconfig; name = "Pods-Flix-FlixUITests.release.xcconfig"; path = "Target Support Files/Pods-Flix-FlixUITests/Pods-Flix-FlixUITests.release.xcconfig"; sourceTree = "<group>"; };
		15D19A7261E59476D57C78E2 /* Pods-Flix.release.xcconfig */ = {isa = PBXFileReference; includeInIndex = 1; lastKnownFileType = text.xcconfig; name = "Pods-Flix.release.xcconfig"; path = "Target Support Files/Pods-Flix/Pods-Flix.release.xcconfig"; sourceTree = "<group>"; };
		2BF7EB0CC96EFCBEF3E7401A /* Pods_Flix.framework */ = {isa = PBXFileReference; explicitFileType = wrapper.framework; includeInIndex = 0; path = Pods_Flix.framework; sourceTree = BUILT_PRODUCTS_DIR; };
		3127DD16208CC7FA6D6179F7 /* Pods_Flix_FlixUITests.framework */ = {isa = PBXFileReference; explicitFileType = wrapper.framework; includeInIndex = 0; path = Pods_Flix_FlixUITests.framework; sourceTree = BUILT_PRODUCTS_DIR; };
		3765E403807DBC7D10C5BC2A /* Pods-FlixTests.release.xcconfig */ = {isa = PBXFileReference; includeInIndex = 1; lastKnownFileType = text.xcconfig; name = "Pods-FlixTests.release.xcconfig"; path = "Target Support Files/Pods-FlixTests/Pods-FlixTests.release.xcconfig"; sourceTree = "<group>"; };
		4B83C7C1D150DDE806EA66AA /* Pods-Flix-FlixUITests.debug.xcconfig */ = {isa = PBXFileReference; includeInIndex = 1; lastKnownFileType = text.xcconfig; name = "Pods-Flix-FlixUITests.debug.xcconfig"; path = "Target Support Files/Pods-Flix-FlixUITests/Pods-Flix-FlixUITests.debug.xcconfig"; sourceTree = "<group>"; };
		9D5E2E7627B0AB5C0041B7BD /* MovieCell.swift */ = {isa = PBXFileReference; lastKnownFileType = sourcecode.swift; path = MovieCell.swift; sourceTree = "<group>"; };
		9DBA3F6327B081020016FF69 /* Flix.app */ = {isa = PBXFileReference; explicitFileType = wrapper.application; includeInIndex = 0; path = Flix.app; sourceTree = BUILT_PRODUCTS_DIR; };
		9DBA3F6627B081030016FF69 /* AppDelegate.swift */ = {isa = PBXFileReference; lastKnownFileType = sourcecode.swift; path = AppDelegate.swift; sourceTree = "<group>"; };
		9DBA3F6827B081030016FF69 /* SceneDelegate.swift */ = {isa = PBXFileReference; lastKnownFileType = sourcecode.swift; path = SceneDelegate.swift; sourceTree = "<group>"; };
		9DBA3F6A27B081030016FF69 /* MoviesViewController.swift */ = {isa = PBXFileReference; lastKnownFileType = sourcecode.swift; path = MoviesViewController.swift; sourceTree = "<group>"; };
		9DBA3F6D27B081030016FF69 /* Base */ = {isa = PBXFileReference; lastKnownFileType = file.storyboard; name = Base; path = Base.lproj/Main.storyboard; sourceTree = "<group>"; };
		9DBA3F6F27B081040016FF69 /* Assets.xcassets */ = {isa = PBXFileReference; lastKnownFileType = folder.assetcatalog; path = Assets.xcassets; sourceTree = "<group>"; };
		9DBA3F7227B081040016FF69 /* Base */ = {isa = PBXFileReference; lastKnownFileType = file.storyboard; name = Base; path = Base.lproj/LaunchScreen.storyboard; sourceTree = "<group>"; };
		9DBA3F7427B081040016FF69 /* Info.plist */ = {isa = PBXFileReference; lastKnownFileType = text.plist.xml; path = Info.plist; sourceTree = "<group>"; };
		9DBA3F7927B081040016FF69 /* FlixTests.xctest */ = {isa = PBXFileReference; explicitFileType = wrapper.cfbundle; includeInIndex = 0; path = FlixTests.xctest; sourceTree = BUILT_PRODUCTS_DIR; };
		9DBA3F7D27B081040016FF69 /* FlixTests.swift */ = {isa = PBXFileReference; lastKnownFileType = sourcecode.swift; path = FlixTests.swift; sourceTree = "<group>"; };
		9DBA3F7F27B081040016FF69 /* Info.plist */ = {isa = PBXFileReference; lastKnownFileType = text.plist.xml; path = Info.plist; sourceTree = "<group>"; };
		9DBA3F8427B081040016FF69 /* FlixUITests.xctest */ = {isa = PBXFileReference; explicitFileType = wrapper.cfbundle; includeInIndex = 0; path = FlixUITests.xctest; sourceTree = BUILT_PRODUCTS_DIR; };
		9DBA3F8827B081040016FF69 /* FlixUITests.swift */ = {isa = PBXFileReference; lastKnownFileType = sourcecode.swift; path = FlixUITests.swift; sourceTree = "<group>"; };
		9DBA3F8A27B081040016FF69 /* Info.plist */ = {isa = PBXFileReference; lastKnownFileType = text.plist.xml; path = Info.plist; sourceTree = "<group>"; };
		A9ABFC0A2C59D0919043442C /* Pods_FlixTests.framework */ = {isa = PBXFileReference; explicitFileType = wrapper.framework; includeInIndex = 0; path = Pods_FlixTests.framework; sourceTree = BUILT_PRODUCTS_DIR; };
		B6A37AAD23FD000EC8A30D20 /* Pods-FlixTests.debug.xcconfig */ = {isa = PBXFileReference; includeInIndex = 1; lastKnownFileType = text.xcconfig; name = "Pods-FlixTests.debug.xcconfig"; path = "Target Support Files/Pods-FlixTests/Pods-FlixTests.debug.xcconfig"; sourceTree = "<group>"; };
		F5486F3B239298CDA7273BFD /* Pods-Flix.debug.xcconfig */ = {isa = PBXFileReference; includeInIndex = 1; lastKnownFileType = text.xcconfig; name = "Pods-Flix.debug.xcconfig"; path = "Target Support Files/Pods-Flix/Pods-Flix.debug.xcconfig"; sourceTree = "<group>"; };
/* End PBXFileReference section */

/* Begin PBXFrameworksBuildPhase section */
		9DBA3F6027B081020016FF69 /* Frameworks */ = {
			isa = PBXFrameworksBuildPhase;
			buildActionMask = 2147483647;
			files = (
				9D5E2E7D27B0B7C50041B7BD /* AlamofireImage in Frameworks */,
				5B8C736C4F55D41959C01661 /* Pods_Flix.framework in Frameworks */,
			);
			runOnlyForDeploymentPostprocessing = 0;
		};
		9DBA3F7627B081040016FF69 /* Frameworks */ = {
			isa = PBXFrameworksBuildPhase;
			buildActionMask = 2147483647;
			files = (
				FBCFEAF8C7A81D5BD4410A27 /* Pods_FlixTests.framework in Frameworks */,
			);
			runOnlyForDeploymentPostprocessing = 0;
		};
		9DBA3F8127B081040016FF69 /* Frameworks */ = {
			isa = PBXFrameworksBuildPhase;
			buildActionMask = 2147483647;
			files = (
				A5B5636A19F736E35EEC07DA /* Pods_Flix_FlixUITests.framework in Frameworks */,
			);
			runOnlyForDeploymentPostprocessing = 0;
		};
/* End PBXFrameworksBuildPhase section */

/* Begin PBXGroup section */
		690BEB0E0863D4516ADBAA6A /* Pods */ = {
			isa = PBXGroup;
			children = (
				F5486F3B239298CDA7273BFD /* Pods-Flix.debug.xcconfig */,
				15D19A7261E59476D57C78E2 /* Pods-Flix.release.xcconfig */,
				4B83C7C1D150DDE806EA66AA /* Pods-Flix-FlixUITests.debug.xcconfig */,
				0B6FBF1FA4A95A81A4F3BFD7 /* Pods-Flix-FlixUITests.release.xcconfig */,
				B6A37AAD23FD000EC8A30D20 /* Pods-FlixTests.debug.xcconfig */,
				3765E403807DBC7D10C5BC2A /* Pods-FlixTests.release.xcconfig */,
			);
			name = Pods;
			path = Pods;
			sourceTree = "<group>";
		};
		9DBA3F5A27B081020016FF69 = {
			isa = PBXGroup;
			children = (
				9DBA3F6527B081020016FF69 /* Flix */,
				9DBA3F7C27B081040016FF69 /* FlixTests */,
				9DBA3F8727B081040016FF69 /* FlixUITests */,
				9DBA3F6427B081020016FF69 /* Products */,
				690BEB0E0863D4516ADBAA6A /* Pods */,
				D36394912F29225EBB37B314 /* Frameworks */,
			);
			sourceTree = "<group>";
		};
		9DBA3F6427B081020016FF69 /* Products */ = {
			isa = PBXGroup;
			children = (
				9DBA3F6327B081020016FF69 /* Flix.app */,
				9DBA3F7927B081040016FF69 /* FlixTests.xctest */,
				9DBA3F8427B081040016FF69 /* FlixUITests.xctest */,
			);
			name = Products;
			sourceTree = "<group>";
		};
		9DBA3F6527B081020016FF69 /* Flix */ = {
			isa = PBXGroup;
			children = (
				9DBA3F6627B081030016FF69 /* AppDelegate.swift */,
				9DBA3F6827B081030016FF69 /* SceneDelegate.swift */,
				9DBA3F6A27B081030016FF69 /* MoviesViewController.swift */,
				9DBA3F6C27B081030016FF69 /* Main.storyboard */,
				9D5E2E7627B0AB5C0041B7BD /* MovieCell.swift */,
				9DBA3F6F27B081040016FF69 /* Assets.xcassets */,
				9DBA3F7127B081040016FF69 /* LaunchScreen.storyboard */,
				9DBA3F7427B081040016FF69 /* Info.plist */,
			);
			path = Flix;
			sourceTree = "<group>";
		};
		9DBA3F7C27B081040016FF69 /* FlixTests */ = {
			isa = PBXGroup;
			children = (
				9DBA3F7D27B081040016FF69 /* FlixTests.swift */,
				9DBA3F7F27B081040016FF69 /* Info.plist */,
			);
			path = FlixTests;
			sourceTree = "<group>";
		};
		9DBA3F8727B081040016FF69 /* FlixUITests */ = {
			isa = PBXGroup;
			children = (
				9DBA3F8827B081040016FF69 /* FlixUITests.swift */,
				9DBA3F8A27B081040016FF69 /* Info.plist */,
			);
			path = FlixUITests;
			sourceTree = "<group>";
		};
		D36394912F29225EBB37B314 /* Frameworks */ = {
			isa = PBXGroup;
			children = (
				2BF7EB0CC96EFCBEF3E7401A /* Pods_Flix.framework */,
				3127DD16208CC7FA6D6179F7 /* Pods_Flix_FlixUITests.framework */,
				A9ABFC0A2C59D0919043442C /* Pods_FlixTests.framework */,
			);
			name = Frameworks;
			sourceTree = "<group>";
		};
/* End PBXGroup section */

/* Begin PBXNativeTarget section */
		9DBA3F6227B081020016FF69 /* Flix */ = {
			isa = PBXNativeTarget;
			buildConfigurationList = 9DBA3F8D27B081040016FF69 /* Build configuration list for PBXNativeTarget "Flix" */;
			buildPhases = (
				EF9A127CAFA16FB85C8562E9 /* [CP] Check Pods Manifest.lock */,
				9DBA3F5F27B081020016FF69 /* Sources */,
				9DBA3F6027B081020016FF69 /* Frameworks */,
				9DBA3F6127B081020016FF69 /* Resources */,
				97451B2AE4BBE515BDE09D28 /* [CP] Embed Pods Frameworks */,
			);
			buildRules = (
			);
			dependencies = (
			);
			name = Flix;
			packageProductDependencies = (
				9D5E2E7C27B0B7C50041B7BD /* AlamofireImage */,
			);
			productName = Flix;
			productReference = 9DBA3F6327B081020016FF69 /* Flix.app */;
			productType = "com.apple.product-type.application";
		};
		9DBA3F7827B081040016FF69 /* FlixTests */ = {
			isa = PBXNativeTarget;
			buildConfigurationList = 9DBA3F9027B081040016FF69 /* Build configuration list for PBXNativeTarget "FlixTests" */;
			buildPhases = (
				45100D26AC195AB0C1ADC6BD /* [CP] Check Pods Manifest.lock */,
				9DBA3F7527B081040016FF69 /* Sources */,
				9DBA3F7627B081040016FF69 /* Frameworks */,
				9DBA3F7727B081040016FF69 /* Resources */,
			);
			buildRules = (
			);
			dependencies = (
				9DBA3F7B27B081040016FF69 /* PBXTargetDependency */,
			);
			name = FlixTests;
			productName = FlixTests;
			productReference = 9DBA3F7927B081040016FF69 /* FlixTests.xctest */;
			productType = "com.apple.product-type.bundle.unit-test";
		};
		9DBA3F8327B081040016FF69 /* FlixUITests */ = {
			isa = PBXNativeTarget;
			buildConfigurationList = 9DBA3F9327B081040016FF69 /* Build configuration list for PBXNativeTarget "FlixUITests" */;
			buildPhases = (
				C09F4D071D841BB29A2596C2 /* [CP] Check Pods Manifest.lock */,
				9DBA3F8027B081040016FF69 /* Sources */,
				9DBA3F8127B081040016FF69 /* Frameworks */,
				9DBA3F8227B081040016FF69 /* Resources */,
				A5CF65CA639BB73EA5E95F99 /* [CP] Embed Pods Frameworks */,
			);
			buildRules = (
			);
			dependencies = (
				9DBA3F8627B081040016FF69 /* PBXTargetDependency */,
			);
			name = FlixUITests;
			productName = FlixUITests;
			productReference = 9DBA3F8427B081040016FF69 /* FlixUITests.xctest */;
			productType = "com.apple.product-type.bundle.ui-testing";
		};
/* End PBXNativeTarget section */

/* Begin PBXProject section */
		9DBA3F5B27B081020016FF69 /* Project object */ = {
			isa = PBXProject;
			attributes = {
				LastSwiftUpdateCheck = 1230;
				LastUpgradeCheck = 1230;
				TargetAttributes = {
					9DBA3F6227B081020016FF69 = {
						CreatedOnToolsVersion = 12.3;
					};
					9DBA3F7827B081040016FF69 = {
						CreatedOnToolsVersion = 12.3;
						TestTargetID = 9DBA3F6227B081020016FF69;
					};
					9DBA3F8327B081040016FF69 = {
						CreatedOnToolsVersion = 12.3;
						TestTargetID = 9DBA3F6227B081020016FF69;
					};
				};
			};
			buildConfigurationList = 9DBA3F5E27B081020016FF69 /* Build configuration list for PBXProject "Flix" */;
			compatibilityVersion = "Xcode 9.3";
			developmentRegion = en;
			hasScannedForEncodings = 0;
			knownRegions = (
				en,
				Base,
			);
			mainGroup = 9DBA3F5A27B081020016FF69;
			packageReferences = (
				9D5E2E7B27B0B7C50041B7BD /* XCRemoteSwiftPackageReference "AlamofireImage" */,
			);
			productRefGroup = 9DBA3F6427B081020016FF69 /* Products */;
			projectDirPath = "";
			projectRoot = "";
			targets = (
				9DBA3F6227B081020016FF69 /* Flix */,
				9DBA3F7827B081040016FF69 /* FlixTests */,
				9DBA3F8327B081040016FF69 /* FlixUITests */,
			);
		};
/* End PBXProject section */

/* Begin PBXResourcesBuildPhase section */
		9DBA3F6127B081020016FF69 /* Resources */ = {
			isa = PBXResourcesBuildPhase;
			buildActionMask = 2147483647;
			files = (
				9DBA3F7327B081040016FF69 /* LaunchScreen.storyboard in Resources */,
				9DBA3F7027B081040016FF69 /* Assets.xcassets in Resources */,
				9DBA3F6E27B081030016FF69 /* Main.storyboard in Resources */,
			);
			runOnlyForDeploymentPostprocessing = 0;
		};
		9DBA3F7727B081040016FF69 /* Resources */ = {
			isa = PBXResourcesBuildPhase;
			buildActionMask = 2147483647;
			files = (
			);
			runOnlyForDeploymentPostprocessing = 0;
		};
		9DBA3F8227B081040016FF69 /* Resources */ = {
			isa = PBXResourcesBuildPhase;
			buildActionMask = 2147483647;
			files = (
			);
			runOnlyForDeploymentPostprocessing = 0;
		};
/* End PBXResourcesBuildPhase section */

/* Begin PBXShellScriptBuildPhase section */
		45100D26AC195AB0C1ADC6BD /* [CP] Check Pods Manifest.lock */ = {
			isa = PBXShellScriptBuildPhase;
			buildActionMask = 2147483647;
			files = (
			);
			inputFileListPaths = (
			);
			inputPaths = (
				"${PODS_PODFILE_DIR_PATH}/Podfile.lock",
				"${PODS_ROOT}/Manifest.lock",
			);
			name = "[CP] Check Pods Manifest.lock";
			outputFileListPaths = (
			);
			outputPaths = (
				"$(DERIVED_FILE_DIR)/Pods-FlixTests-checkManifestLockResult.txt",
			);
			runOnlyForDeploymentPostprocessing = 0;
			shellPath = /bin/sh;
			shellScript = "diff \"${PODS_PODFILE_DIR_PATH}/Podfile.lock\" \"${PODS_ROOT}/Manifest.lock\" > /dev/null\nif [ $? != 0 ] ; then\n    # print error to STDERR\n    echo \"error: The sandbox is not in sync with the Podfile.lock. Run 'pod install' or update your CocoaPods installation.\" >&2\n    exit 1\nfi\n# This output is used by Xcode 'outputs' to avoid re-running this script phase.\necho \"SUCCESS\" > \"${SCRIPT_OUTPUT_FILE_0}\"\n";
			showEnvVarsInLog = 0;
		};
		97451B2AE4BBE515BDE09D28 /* [CP] Embed Pods Frameworks */ = {
			isa = PBXShellScriptBuildPhase;
			buildActionMask = 2147483647;
			files = (
			);
			inputFileListPaths = (
				"${PODS_ROOT}/Target Support Files/Pods-Flix/Pods-Flix-frameworks-${CONFIGURATION}-input-files.xcfilelist",
			);
			name = "[CP] Embed Pods Frameworks";
			outputFileListPaths = (
				"${PODS_ROOT}/Target Support Files/Pods-Flix/Pods-Flix-frameworks-${CONFIGURATION}-output-files.xcfilelist",
			);
			runOnlyForDeploymentPostprocessing = 0;
			shellPath = /bin/sh;
			shellScript = "\"${PODS_ROOT}/Target Support Files/Pods-Flix/Pods-Flix-frameworks.sh\"\n";
			showEnvVarsInLog = 0;
		};
		A5CF65CA639BB73EA5E95F99 /* [CP] Embed Pods Frameworks */ = {
			isa = PBXShellScriptBuildPhase;
			buildActionMask = 2147483647;
			files = (
			);
			inputFileListPaths = (
				"${PODS_ROOT}/Target Support Files/Pods-Flix-FlixUITests/Pods-Flix-FlixUITests-frameworks-${CONFIGURATION}-input-files.xcfilelist",
			);
			name = "[CP] Embed Pods Frameworks";
			outputFileListPaths = (
				"${PODS_ROOT}/Target Support Files/Pods-Flix-FlixUITests/Pods-Flix-FlixUITests-frameworks-${CONFIGURATION}-output-files.xcfilelist",
			);
			runOnlyForDeploymentPostprocessing = 0;
			shellPath = /bin/sh;
			shellScript = "\"${PODS_ROOT}/Target Support Files/Pods-Flix-FlixUITests/Pods-Flix-FlixUITests-frameworks.sh\"\n";
			showEnvVarsInLog = 0;
		};
		C09F4D071D841BB29A2596C2 /* [CP] Check Pods Manifest.lock */ = {
			isa = PBXShellScriptBuildPhase;
			buildActionMask = 2147483647;
			files = (
			);
			inputFileListPaths = (
			);
			inputPaths = (
				"${PODS_PODFILE_DIR_PATH}/Podfile.lock",
				"${PODS_ROOT}/Manifest.lock",
			);
			name = "[CP] Check Pods Manifest.lock";
			outputFileListPaths = (
			);
			outputPaths = (
				"$(DERIVED_FILE_DIR)/Pods-Flix-FlixUITests-checkManifestLockResult.txt",
			);
			runOnlyForDeploymentPostprocessing = 0;
			shellPath = /bin/sh;
			shellScript = "diff \"${PODS_PODFILE_DIR_PATH}/Podfile.lock\" \"${PODS_ROOT}/Manifest.lock\" > /dev/null\nif [ $? != 0 ] ; then\n    # print error to STDERR\n    echo \"error: The sandbox is not in sync with the Podfile.lock. Run 'pod install' or update your CocoaPods installation.\" >&2\n    exit 1\nfi\n# This output is used by Xcode 'outputs' to avoid re-running this script phase.\necho \"SUCCESS\" > \"${SCRIPT_OUTPUT_FILE_0}\"\n";
			showEnvVarsInLog = 0;
		};
		EF9A127CAFA16FB85C8562E9 /* [CP] Check Pods Manifest.lock */ = {
			isa = PBXShellScriptBuildPhase;
			buildActionMask = 2147483647;
			files = (
			);
			inputFileListPaths = (
			);
			inputPaths = (
				"${PODS_PODFILE_DIR_PATH}/Podfile.lock",
				"${PODS_ROOT}/Manifest.lock",
			);
			name = "[CP] Check Pods Manifest.lock";
			outputFileListPaths = (
			);
			outputPaths = (
				"$(DERIVED_FILE_DIR)/Pods-Flix-checkManifestLockResult.txt",
			);
			runOnlyForDeploymentPostprocessing = 0;
			shellPath = /bin/sh;
			shellScript = "diff \"${PODS_PODFILE_DIR_PATH}/Podfile.lock\" \"${PODS_ROOT}/Manifest.lock\" > /dev/null\nif [ $? != 0 ] ; then\n    # print error to STDERR\n    echo \"error: The sandbox is not in sync with the Podfile.lock. Run 'pod install' or update your CocoaPods installation.\" >&2\n    exit 1\nfi\n# This output is used by Xcode 'outputs' to avoid re-running this script phase.\necho \"SUCCESS\" > \"${SCRIPT_OUTPUT_FILE_0}\"\n";
			showEnvVarsInLog = 0;
		};
/* End PBXShellScriptBuildPhase section */

/* Begin PBXSourcesBuildPhase section */
		9DBA3F5F27B081020016FF69 /* Sources */ = {
			isa = PBXSourcesBuildPhase;
			buildActionMask = 2147483647;
			files = (
				9DBA3F6B27B081030016FF69 /* MoviesViewController.swift in Sources */,
				9DBA3F6727B081030016FF69 /* AppDelegate.swift in Sources */,
				9D5E2E7727B0AB5C0041B7BD /* MovieCell.swift in Sources */,
				9DBA3F6927B081030016FF69 /* SceneDelegate.swift in Sources */,
			);
			runOnlyForDeploymentPostprocessing = 0;
		};
		9DBA3F7527B081040016FF69 /* Sources */ = {
			isa = PBXSourcesBuildPhase;
			buildActionMask = 2147483647;
			files = (
				9DBA3F7E27B081040016FF69 /* FlixTests.swift in Sources */,
			);
			runOnlyForDeploymentPostprocessing = 0;
		};
		9DBA3F8027B081040016FF69 /* Sources */ = {
			isa = PBXSourcesBuildPhase;
			buildActionMask = 2147483647;
			files = (
				9DBA3F8927B081040016FF69 /* FlixUITests.swift in Sources */,
			);
			runOnlyForDeploymentPostprocessing = 0;
		};
/* End PBXSourcesBuildPhase section */

/* Begin PBXTargetDependency section */
		9DBA3F7B27B081040016FF69 /* PBXTargetDependency */ = {
			isa = PBXTargetDependency;
			target = 9DBA3F6227B081020016FF69 /* Flix */;
			targetProxy = 9DBA3F7A27B081040016FF69 /* PBXContainerItemProxy */;
		};
		9DBA3F8627B081040016FF69 /* PBXTargetDependency */ = {
			isa = PBXTargetDependency;
			target = 9DBA3F6227B081020016FF69 /* Flix */;
			targetProxy = 9DBA3F8527B081040016FF69 /* PBXContainerItemProxy */;
		};
/* End PBXTargetDependency section */

/* Begin PBXVariantGroup section */
		9DBA3F6C27B081030016FF69 /* Main.storyboard */ = {
			isa = PBXVariantGroup;
			children = (
				9DBA3F6D27B081030016FF69 /* Base */,
			);
			name = Main.storyboard;
			sourceTree = "<group>";
		};
		9DBA3F7127B081040016FF69 /* LaunchScreen.storyboard */ = {
			isa = PBXVariantGroup;
			children = (
				9DBA3F7227B081040016FF69 /* Base */,
			);
			name = LaunchScreen.storyboard;
			sourceTree = "<group>";
		};
/* End PBXVariantGroup section */

/* Begin XCBuildConfiguration section */
		9DBA3F8B27B081040016FF69 /* Debug */ = {
			isa = XCBuildConfiguration;
			buildSettings = {
				ALWAYS_SEARCH_USER_PATHS = NO;
				CLANG_ANALYZER_NONNULL = YES;
				CLANG_ANALYZER_NUMBER_OBJECT_CONVERSION = YES_AGGRESSIVE;
				CLANG_CXX_LANGUAGE_STANDARD = "gnu++14";
				CLANG_CXX_LIBRARY = "libc++";
				CLANG_ENABLE_MODULES = YES;
				CLANG_ENABLE_OBJC_ARC = YES;
				CLANG_ENABLE_OBJC_WEAK = YES;
				CLANG_WARN_BLOCK_CAPTURE_AUTORELEASING = YES;
				CLANG_WARN_BOOL_CONVERSION = YES;
				CLANG_WARN_COMMA = YES;
				CLANG_WARN_CONSTANT_CONVERSION = YES;
				CLANG_WARN_DEPRECATED_OBJC_IMPLEMENTATIONS = YES;
				CLANG_WARN_DIRECT_OBJC_ISA_USAGE = YES_ERROR;
				CLANG_WARN_DOCUMENTATION_COMMENTS = YES;
				CLANG_WARN_EMPTY_BODY = YES;
				CLANG_WARN_ENUM_CONVERSION = YES;
				CLANG_WARN_INFINITE_RECURSION = YES;
				CLANG_WARN_INT_CONVERSION = YES;
				CLANG_WARN_NON_LITERAL_NULL_CONVERSION = YES;
				CLANG_WARN_OBJC_IMPLICIT_RETAIN_SELF = YES;
				CLANG_WARN_OBJC_LITERAL_CONVERSION = YES;
				CLANG_WARN_OBJC_ROOT_CLASS = YES_ERROR;
				CLANG_WARN_QUOTED_INCLUDE_IN_FRAMEWORK_HEADER = YES;
				CLANG_WARN_RANGE_LOOP_ANALYSIS = YES;
				CLANG_WARN_STRICT_PROTOTYPES = YES;
				CLANG_WARN_SUSPICIOUS_MOVE = YES;
				CLANG_WARN_UNGUARDED_AVAILABILITY = YES_AGGRESSIVE;
				CLANG_WARN_UNREACHABLE_CODE = YES;
				CLANG_WARN__DUPLICATE_METHOD_MATCH = YES;
				COPY_PHASE_STRIP = NO;
				DEBUG_INFORMATION_FORMAT = dwarf;
				ENABLE_STRICT_OBJC_MSGSEND = YES;
				ENABLE_TESTABILITY = YES;
				GCC_C_LANGUAGE_STANDARD = gnu11;
				GCC_DYNAMIC_NO_PIC = NO;
				GCC_NO_COMMON_BLOCKS = YES;
				GCC_OPTIMIZATION_LEVEL = 0;
				GCC_PREPROCESSOR_DEFINITIONS = (
					"DEBUG=1",
					"$(inherited)",
				);
				GCC_WARN_64_TO_32_BIT_CONVERSION = YES;
				GCC_WARN_ABOUT_RETURN_TYPE = YES_ERROR;
				GCC_WARN_UNDECLARED_SELECTOR = YES;
				GCC_WARN_UNINITIALIZED_AUTOS = YES_AGGRESSIVE;
				GCC_WARN_UNUSED_FUNCTION = YES;
				GCC_WARN_UNUSED_VARIABLE = YES;
				IPHONEOS_DEPLOYMENT_TARGET = 14.3;
				MTL_ENABLE_DEBUG_INFO = INCLUDE_SOURCE;
				MTL_FAST_MATH = YES;
				ONLY_ACTIVE_ARCH = YES;
				SDKROOT = iphoneos;
				SWIFT_ACTIVE_COMPILATION_CONDITIONS = DEBUG;
				SWIFT_OPTIMIZATION_LEVEL = "-Onone";
			};
			name = Debug;
		};
		9DBA3F8C27B081040016FF69 /* Release */ = {
			isa = XCBuildConfiguration;
			buildSettings = {
				ALWAYS_SEARCH_USER_PATHS = NO;
				CLANG_ANALYZER_NONNULL = YES;
				CLANG_ANALYZER_NUMBER_OBJECT_CONVERSION = YES_AGGRESSIVE;
				CLANG_CXX_LANGUAGE_STANDARD = "gnu++14";
				CLANG_CXX_LIBRARY = "libc++";
				CLANG_ENABLE_MODULES = YES;
				CLANG_ENABLE_OBJC_ARC = YES;
				CLANG_ENABLE_OBJC_WEAK = YES;
				CLANG_WARN_BLOCK_CAPTURE_AUTORELEASING = YES;
				CLANG_WARN_BOOL_CONVERSION = YES;
				CLANG_WARN_COMMA = YES;
				CLANG_WARN_CONSTANT_CONVERSION = YES;
				CLANG_WARN_DEPRECATED_OBJC_IMPLEMENTATIONS = YES;
				CLANG_WARN_DIRECT_OBJC_ISA_USAGE = YES_ERROR;
				CLANG_WARN_DOCUMENTATION_COMMENTS = YES;
				CLANG_WARN_EMPTY_BODY = YES;
				CLANG_WARN_ENUM_CONVERSION = YES;
				CLANG_WARN_INFINITE_RECURSION = YES;
				CLANG_WARN_INT_CONVERSION = YES;
				CLANG_WARN_NON_LITERAL_NULL_CONVERSION = YES;
				CLANG_WARN_OBJC_IMPLICIT_RETAIN_SELF = YES;
				CLANG_WARN_OBJC_LITERAL_CONVERSION = YES;
				CLANG_WARN_OBJC_ROOT_CLASS = YES_ERROR;
				CLANG_WARN_QUOTED_INCLUDE_IN_FRAMEWORK_HEADER = YES;
				CLANG_WARN_RANGE_LOOP_ANALYSIS = YES;
				CLANG_WARN_STRICT_PROTOTYPES = YES;
				CLANG_WARN_SUSPICIOUS_MOVE = YES;
				CLANG_WARN_UNGUARDED_AVAILABILITY = YES_AGGRESSIVE;
				CLANG_WARN_UNREACHABLE_CODE = YES;
				CLANG_WARN__DUPLICATE_METHOD_MATCH = YES;
				COPY_PHASE_STRIP = NO;
				DEBUG_INFORMATION_FORMAT = "dwarf-with-dsym";
				ENABLE_NS_ASSERTIONS = NO;
				ENABLE_STRICT_OBJC_MSGSEND = YES;
				GCC_C_LANGUAGE_STANDARD = gnu11;
				GCC_NO_COMMON_BLOCKS = YES;
				GCC_WARN_64_TO_32_BIT_CONVERSION = YES;
				GCC_WARN_ABOUT_RETURN_TYPE = YES_ERROR;
				GCC_WARN_UNDECLARED_SELECTOR = YES;
				GCC_WARN_UNINITIALIZED_AUTOS = YES_AGGRESSIVE;
				GCC_WARN_UNUSED_FUNCTION = YES;
				GCC_WARN_UNUSED_VARIABLE = YES;
				IPHONEOS_DEPLOYMENT_TARGET = 14.3;
				MTL_ENABLE_DEBUG_INFO = NO;
				MTL_FAST_MATH = YES;
				SDKROOT = iphoneos;
				SWIFT_COMPILATION_MODE = wholemodule;
				SWIFT_OPTIMIZATION_LEVEL = "-O";
				VALIDATE_PRODUCT = YES;
			};
			name = Release;
		};
		9DBA3F8E27B081040016FF69 /* Debug */ = {
			isa = XCBuildConfiguration;
			baseConfigurationReference = F5486F3B239298CDA7273BFD /* Pods-Flix.debug.xcconfig */;
			buildSettings = {
				ASSETCATALOG_COMPILER_APPICON_NAME = AppIcon;
				ASSETCATALOG_COMPILER_GLOBAL_ACCENT_COLOR_NAME = AccentColor;
				CODE_SIGN_STYLE = Automatic;
				DEVELOPMENT_TEAM = 764WF897MJ;
				INFOPLIST_FILE = Flix/Info.plist;
				LD_RUNPATH_SEARCH_PATHS = (
					"$(inherited)",
					"@executable_path/Frameworks",
				);
				PRODUCT_BUNDLE_IDENTIFIER = com.belaineh.Flix;
				PRODUCT_NAME = "$(TARGET_NAME)";
				SWIFT_VERSION = 5.0;
				TARGETED_DEVICE_FAMILY = "1,2";
			};
			name = Debug;
		};
		9DBA3F8F27B081040016FF69 /* Release */ = {
			isa = XCBuildConfiguration;
			baseConfigurationReference = 15D19A7261E59476D57C78E2 /* Pods-Flix.release.xcconfig */;
			buildSettings = {
				ASSETCATALOG_COMPILER_APPICON_NAME = AppIcon;
				ASSETCATALOG_COMPILER_GLOBAL_ACCENT_COLOR_NAME = AccentColor;
				CODE_SIGN_STYLE = Automatic;
				DEVELOPMENT_TEAM = 764WF897MJ;
				INFOPLIST_FILE = Flix/Info.plist;
				LD_RUNPATH_SEARCH_PATHS = (
					"$(inherited)",
					"@executable_path/Frameworks",
				);
				PRODUCT_BUNDLE_IDENTIFIER = com.belaineh.Flix;
				PRODUCT_NAME = "$(TARGET_NAME)";
				SWIFT_VERSION = 5.0;
				TARGETED_DEVICE_FAMILY = "1,2";
			};
			name = Release;
		};
		9DBA3F9127B081040016FF69 /* Debug */ = {
			isa = XCBuildConfiguration;
			baseConfigurationReference = B6A37AAD23FD000EC8A30D20 /* Pods-FlixTests.debug.xcconfig */;
			buildSettings = {
				ALWAYS_EMBED_SWIFT_STANDARD_LIBRARIES = YES;
				BUNDLE_LOADER = "$(TEST_HOST)";
				CODE_SIGN_STYLE = Automatic;
				DEVELOPMENT_TEAM = 764WF897MJ;
				INFOPLIST_FILE = FlixTests/Info.plist;
				IPHONEOS_DEPLOYMENT_TARGET = 14.3;
				LD_RUNPATH_SEARCH_PATHS = (
					"$(inherited)",
					"@executable_path/Frameworks",
					"@loader_path/Frameworks",
				);
				PRODUCT_BUNDLE_IDENTIFIER = com.belaineh.FlixTests;
				PRODUCT_NAME = "$(TARGET_NAME)";
				SWIFT_VERSION = 5.0;
				TARGETED_DEVICE_FAMILY = "1,2";
				TEST_HOST = "$(BUILT_PRODUCTS_DIR)/Flix.app/Flix";
			};
			name = Debug;
		};
		9DBA3F9227B081040016FF69 /* Release */ = {
			isa = XCBuildConfiguration;
			baseConfigurationReference = 3765E403807DBC7D10C5BC2A /* Pods-FlixTests.release.xcconfig */;
			buildSettings = {
				ALWAYS_EMBED_SWIFT_STANDARD_LIBRARIES = YES;
				BUNDLE_LOADER = "$(TEST_HOST)";
				CODE_SIGN_STYLE = Automatic;
				DEVELOPMENT_TEAM = 764WF897MJ;
				INFOPLIST_FILE = FlixTests/Info.plist;
				IPHONEOS_DEPLOYMENT_TARGET = 14.3;
				LD_RUNPATH_SEARCH_PATHS = (
					"$(inherited)",
					"@executable_path/Frameworks",
					"@loader_path/Frameworks",
				);
				PRODUCT_BUNDLE_IDENTIFIER = com.belaineh.FlixTests;
				PRODUCT_NAME = "$(TARGET_NAME)";
				SWIFT_VERSION = 5.0;
				TARGETED_DEVICE_FAMILY = "1,2";
				TEST_HOST = "$(BUILT_PRODUCTS_DIR)/Flix.app/Flix";
			};
			name = Release;
		};
		9DBA3F9427B081040016FF69 /* Debug */ = {
			isa = XCBuildConfiguration;
			baseConfigurationReference = 4B83C7C1D150DDE806EA66AA /* Pods-Flix-FlixUITests.debug.xcconfig */;
			buildSettings = {
				ALWAYS_EMBED_SWIFT_STANDARD_LIBRARIES = YES;
				CODE_SIGN_STYLE = Automatic;
				DEVELOPMENT_TEAM = 764WF897MJ;
				INFOPLIST_FILE = FlixUITests/Info.plist;
				LD_RUNPATH_SEARCH_PATHS = (
					"$(inherited)",
					"@executable_path/Frameworks",
					"@loader_path/Frameworks",
				);
				PRODUCT_BUNDLE_IDENTIFIER = com.belaineh.FlixUITests;
				PRODUCT_NAME = "$(TARGET_NAME)";
				SWIFT_VERSION = 5.0;
				TARGETED_DEVICE_FAMILY = "1,2";
				TEST_TARGET_NAME = Flix;
			};
			name = Debug;
		};
		9DBA3F9527B081040016FF69 /* Release */ = {
			isa = XCBuildConfiguration;
			baseConfigurationReference = 0B6FBF1FA4A95A81A4F3BFD7 /* Pods-Flix-FlixUITests.release.xcconfig */;
			buildSettings = {
				ALWAYS_EMBED_SWIFT_STANDARD_LIBRARIES = YES;
				CODE_SIGN_STYLE = Automatic;
				DEVELOPMENT_TEAM = 764WF897MJ;
				INFOPLIST_FILE = FlixUITests/Info.plist;
				LD_RUNPATH_SEARCH_PATHS = (
					"$(inherited)",
					"@executable_path/Frameworks",
					"@loader_path/Frameworks",
				);
				PRODUCT_BUNDLE_IDENTIFIER = com.belaineh.FlixUITests;
				PRODUCT_NAME = "$(TARGET_NAME)";
				SWIFT_VERSION = 5.0;
				TARGETED_DEVICE_FAMILY = "1,2";
				TEST_TARGET_NAME = Flix;
			};
			name = Release;
		};
/* End XCBuildConfiguration section */

/* Begin XCConfigurationList section */
		9DBA3F5E27B081020016FF69 /* Build configuration list for PBXProject "Flix" */ = {
			isa = XCConfigurationList;
			buildConfigurations = (
				9DBA3F8B27B081040016FF69 /* Debug */,
				9DBA3F8C27B081040016FF69 /* Release */,
			);
			defaultConfigurationIsVisible = 0;
			defaultConfigurationName = Release;
		};
		9DBA3F8D27B081040016FF69 /* Build configuration list for PBXNativeTarget "Flix" */ = {
			isa = XCConfigurationList;
			buildConfigurations = (
				9DBA3F8E27B081040016FF69 /* Debug */,
				9DBA3F8F27B081040016FF69 /* Release */,
			);
			defaultConfigurationIsVisible = 0;
			defaultConfigurationName = Release;
		};
		9DBA3F9027B081040016FF69 /* Build configuration list for PBXNativeTarget "FlixTests" */ = {
			isa = XCConfigurationList;
			buildConfigurations = (
				9DBA3F9127B081040016FF69 /* Debug */,
				9DBA3F9227B081040016FF69 /* Release */,
			);
			defaultConfigurationIsVisible = 0;
			defaultConfigurationName = Release;
		};
		9DBA3F9327B081040016FF69 /* Build configuration list for PBXNativeTarget "FlixUITests" */ = {
			isa = XCConfigurationList;
			buildConfigurations = (
				9DBA3F9427B081040016FF69 /* Debug */,
				9DBA3F9527B081040016FF69 /* Release */,
			);
			defaultConfigurationIsVisible = 0;
			defaultConfigurationName = Release;
		};
/* End XCConfigurationList section */

/* Begin XCRemoteSwiftPackageReference section */
		9D5E2E7B27B0B7C50041B7BD /* XCRemoteSwiftPackageReference "AlamofireImage" */ = {
			isa = XCRemoteSwiftPackageReference;
			repositoryURL = "https://github.com/Alamofire/AlamofireImage";
			requirement = {
				kind = upToNextMajorVersion;
				minimumVersion = 4.2.0;
			};
		};
/* End XCRemoteSwiftPackageReference section */

/* Begin XCSwiftPackageProductDependency section */
		9D5E2E7C27B0B7C50041B7BD /* AlamofireImage */ = {
			isa = XCSwiftPackageProductDependency;
			package = 9D5E2E7B27B0B7C50041B7BD /* XCRemoteSwiftPackageReference "AlamofireImage" */;
			productName = AlamofireImage;
		};
/* End XCSwiftPackageProductDependency section */
	};
	rootObject = 9DBA3F5B27B081020016FF69 /* Project object */;
}
